{
  "name": "~TODO~",
  "version": "0.0.1",
  "lockfileVersion": 1,
  "requires": true,
  "dependencies": {
    "@rollup/pluginutils": {
      "version": "4.1.1",
      "resolved": "https://principal2.jfrog.io/artifactory/api/npm/npm/@rollup/pluginutils/-/pluginutils-4.1.1.tgz",
      "integrity": "sha1-HU2obdTt7RVlalfZM/2iuaCNR+w=",
      "dev": true,
      "requires": {
        "estree-walker": "^2.0.1",
        "picomatch": "^2.2.2"
      }
    },
    "@sveltejs/adapter-static": {
      "version": "1.0.0-next.18",
      "resolved": "https://principal2.jfrog.io/artifactory/api/npm/npm/@sveltejs/adapter-static/-/adapter-static-1.0.0-next.18.tgz",
      "integrity": "sha1-6KibXLs5zV9xP7LPsGZmb2ppy3g=",
      "dev": true
    },
    "@sveltejs/kit": {
      "version": "1.0.0-next.166",
      "resolved": "https://principal2.jfrog.io/artifactory/api/npm/npm/@sveltejs/kit/-/kit-1.0.0-next.166.tgz",
      "integrity": "sha1-M96hEnBz0wsu2AR0hKhFoU+U3Kw=",
      "dev": true,
      "requires": {
        "@sveltejs/vite-plugin-svelte": "^1.0.0-next.23",
        "cheap-watch": "^1.0.3",
        "sade": "^1.7.4",
        "vite": "^2.5.7"
      }
    },
    "@sveltejs/vite-plugin-svelte": {
      "version": "1.0.0-next.24",
      "resolved": "https://principal2.jfrog.io/artifactory/api/npm/npm/@sveltejs/vite-plugin-svelte/-/vite-plugin-svelte-1.0.0-next.24.tgz",
      "integrity": "sha1-VQM8J7X0KOgE/2T0EKZAuqz/AzM=",
      "dev": true,
      "requires": {
        "@rollup/pluginutils": "^4.1.1",
        "debug": "^4.3.2",
        "kleur": "^4.1.4",
        "magic-string": "^0.25.7",
        "require-relative": "^0.8.7",
        "svelte-hmr": "^0.14.7"
      }
    },
    "cheap-watch": {
      "version": "1.0.4",
      "resolved": "https://principal2.jfrog.io/artifactory/api/npm/npm/cheap-watch/-/cheap-watch-1.0.4.tgz",
      "integrity": "sha1-C8tKOo+9nVMnk2ST9rVrqmaNj+8=",
      "dev": true
    },
    "colorette": {
      "version": "1.4.0",
      "resolved": "https://principal2.jfrog.io/artifactory/api/npm/npm/colorette/-/colorette-1.4.0.tgz",
      "integrity": "sha1-UZD7uHJ2JZqGrXAL/yxtb6o/ykA=",
      "dev": true
    },
    "debug": {
      "version": "4.3.2",
      "resolved": "https://principal2.jfrog.io/artifactory/api/npm/npm/debug/-/debug-4.3.2.tgz",
      "integrity": "sha1-8KScGKyHeeMdSgxgKd+3aHPHQos=",
      "dev": true,
      "requires": {
        "ms": "2.1.2"
      }
    },
    "esbuild": {
      "version": "0.12.28",
      "resolved": "https://principal2.jfrog.io/artifactory/api/npm/npm/esbuild/-/esbuild-0.12.28.tgz",
      "integrity": "sha1-hNoNKg0N7hgSgVRSceDWXPb6se8=",
      "dev": true
    },
    "estree-walker": {
      "version": "2.0.2",
      "resolved": "https://principal2.jfrog.io/artifactory/api/npm/npm/estree-walker/-/estree-walker-2.0.2.tgz",
      "integrity": "sha1-UvAQF4wqTBF6d1fP6UKtt9LaTKw=",
      "dev": true
    },
    "fsevents": {
      "version": "2.3.2",
      "resolved": "https://principal2.jfrog.io/artifactory/api/npm/npm/fsevents/-/fsevents-2.3.2.tgz",
      "integrity": "sha1-ilJveLj99GI7cJ4Ll1xSwkwC/Ro=",
      "dev": true,
      "optional": true
    },
    "function-bind": {
      "version": "1.1.1",
      "resolved": "https://principal2.jfrog.io/artifactory/api/npm/npm/function-bind/-/function-bind-1.1.1.tgz",
      "integrity": "sha1-pWiZ0+o8m6uHS7l3O3xe3pL0iV0=",
      "dev": true
    },
    "has": {
      "version": "1.0.3",
      "resolved": "https://principal2.jfrog.io/artifactory/api/npm/npm/has/-/has-1.0.3.tgz",
      "integrity": "sha1-ci18v8H2qoJB8W3YFOAR4fQeh5Y=",
      "dev": true,
      "requires": {
        "function-bind": "^1.1.1"
      }
    },
    "is-core-module": {
      "version": "2.6.0",
      "resolved": "https://principal2.jfrog.io/artifactory/api/npm/npm/is-core-module/-/is-core-module-2.6.0.tgz",
      "integrity": "sha1-11U7JSb+Wbkro+QMjfdX7Ipwnhk=",
      "dev": true,
      "requires": {
        "has": "^1.0.3"
      }
    },
    "kleur": {
      "version": "4.1.4",
      "resolved": "https://principal2.jfrog.io/artifactory/api/npm/npm/kleur/-/kleur-4.1.4.tgz",
      "integrity": "sha1-jCAph9fld3ZtA5qM1GGTTAHNoE0=",
      "dev": true
    },
    "magic-string": {
      "version": "0.25.7",
      "resolved": "https://principal2.jfrog.io/artifactory/api/npm/npm/magic-string/-/magic-string-0.25.7.tgz",
      "integrity": "sha1-P0l9b9NMZpxnmNy4IfLvMfVEUFE=",
      "dev": true,
      "requires": {
        "sourcemap-codec": "^1.4.4"
      }
    },
    "mri": {
      "version": "1.2.0",
      "resolved": "https://principal2.jfrog.io/artifactory/api/npm/npm/mri/-/mri-1.2.0.tgz",
      "integrity": "sha1-ZyFID+wqEaSImGERWki2y+fMjws=",
      "dev": true
    },
    "ms": {
      "version": "2.1.2",
      "resolved": "https://principal2.jfrog.io/artifactory/api/npm/npm/ms/-/ms-2.1.2.tgz",
      "integrity": "sha1-0J0fNXtEP0kzgqjrPM0YOHKuYAk=",
      "dev": true
    },
    "nanoid": {
      "version": "3.1.25",
      "resolved": "https://principal2.jfrog.io/artifactory/api/npm/npm/nanoid/-/nanoid-3.1.25.tgz",
      "integrity": "sha1-CcoydHwOVD8OGBS303k0d/nI4VI=",
      "dev": true
    },
    "path-parse": {
      "version": "1.0.7",
      "resolved": "https://principal2.jfrog.io/artifactory/api/npm/npm/path-parse/-/path-parse-1.0.7.tgz",
      "integrity": "sha1-+8EUtgykKzDZ2vWFjkvWi77bZzU=",
      "dev": true
    },
    "picomatch": {
      "version": "2.3.0",
      "resolved": "https://principal2.jfrog.io/artifactory/api/npm/npm/picomatch/-/picomatch-2.3.0.tgz",
      "integrity": "sha1-8fBh3o9qS/AiiS4tEoI0+5gwKXI=",
      "dev": true
    },
    "postcss": {
      "version": "8.3.6",
      "resolved": "https://principal2.jfrog.io/artifactory/api/npm/npm/postcss/-/postcss-8.3.6.tgz",
      "integrity": "sha1-JzDddql5afN/U7mmCWGXvjEcxOo=",
      "dev": true,
      "requires": {
        "colorette": "^1.2.2",
        "nanoid": "^3.1.23",
        "source-map-js": "^0.6.2"
      }
    },
    "require-relative": {
      "version": "0.8.7",
      "resolved": "https://principal2.jfrog.io/artifactory/api/npm/npm/require-relative/-/require-relative-0.8.7.tgz",
      "integrity": "sha1-eZlTn8ngR6N5KPoZb44VY9q9Nt4=",
      "dev": true
    },
    "resolve": {
      "version": "1.20.0",
      "resolved": "https://principal2.jfrog.io/artifactory/api/npm/npm/resolve/-/resolve-1.20.0.tgz",
      "integrity": "sha1-YpoBP7P3B1XW8LeTXMHCxTeLGXU=",
      "dev": true,
      "requires": {
        "is-core-module": "^2.2.0",
        "path-parse": "^1.0.6"
      }
    },
    "rollup": {
      "version": "2.56.3",
      "resolved": "https://principal2.jfrog.io/artifactory/api/npm/npm/rollup/-/rollup-2.56.3.tgz",
      "integrity": "sha1-tj7a3ZhRsNYYptDmr4IBlVp3rv8=",
      "dev": true,
      "requires": {
        "fsevents": "~2.3.2"
      }
    },
    "sade": {
      "version": "1.7.4",
      "resolved": "https://principal2.jfrog.io/artifactory/api/npm/npm/sade/-/sade-1.7.4.tgz",
      "integrity": "sha1-6mgeDGXSSNIJXJBXjAPKC7G1RpE=",
      "dev": true,
      "requires": {
        "mri": "^1.1.0"
      }
    },
    "source-map-js": {
      "version": "0.6.2",
      "resolved": "https://principal2.jfrog.io/artifactory/api/npm/npm/source-map-js/-/source-map-js-0.6.2.tgz",
      "integrity": "sha1-C7XeYxtBz72mz7qL0FqA79/SOF4=",
      "dev": true
    },
    "sourcemap-codec": {
      "version": "1.4.8",
      "resolved": "https://principal2.jfrog.io/artifactory/api/npm/npm/sourcemap-codec/-/sourcemap-codec-1.4.8.tgz",
      "integrity": "sha1-6oBL2UhXQC5pktBaOO8a41qatMQ=",
      "dev": true
    },
    "svelte": {
      "version": "3.42.5",
      "resolved": "https://principal2.jfrog.io/artifactory/api/npm/npm/svelte/-/svelte-3.42.5.tgz",
      "integrity": "sha1-BsJ8zazrtAJ7emJWM+fKKFvf9xM=",
      "dev": true
    },
    "svelte-hmr": {
      "version": "0.14.7",
      "resolved": "https://principal2.jfrog.io/artifactory/api/npm/npm/svelte-hmr/-/svelte-hmr-0.14.7.tgz",
      "integrity": "sha1-f6gmHHsiXZQJ8KhvO56lw8pvZgc=",
      "dev": true
    },
    "vite": {
      "version": "2.5.7",
      "resolved": "https://principal2.jfrog.io/artifactory/api/npm/npm/vite/-/vite-2.5.7.tgz",
      "integrity": "sha1-5JW+nYvL+dMMcUHv3MrN50buASU=",
      "dev": true,
      "requires": {
        "esbuild": "^0.12.17",
        "fsevents": "~2.3.2",
        "postcss": "^8.3.6",
        "resolve": "^1.20.0",
        "rollup": "^2.38.5"
      }
    }
  }
}
